PODS:
  - Flutter (1.0.0)
  - integration_test (0.0.1):
    - Flutter
  - is_airplane_mode (0.0.1):
    - Flutter

DEPENDENCIES:
  - Flutter (from `Flutter`)
  - integration_test (from `.symlinks/plugins/integration_test/ios`)
  - is_airplane_mode (from `.symlinks/plugins/is_airplane_mode/ios`)

EXTERNAL SOURCES:
  Flutter:
    :path: Flutter
  integration_test:
    :path: ".symlinks/plugins/integration_test/ios"
  is_airplane_mode:
    :path: ".symlinks/plugins/is_airplane_mode/ios"

SPEC CHECKSUMS:
  Flutter: e0871f40cf51350855a761d2e70bf5af5b9b5de7
  integration_test: 4a889634ef21a45d28d50d622cf412dc6d9f586e
  is_airplane_mode: d31e67a971ba0794d5f7257c51bc0cd60dd5fb3a

PODFILE CHECKSUM: 4305caec6b40dde0ae97be1573c53de1882a07e5

COCOAPODS: 1.16.2
